// !$*UTF8*$!
{
	archiveVersion = 1;
	classes = {
	};
	objectVersion = 46;
	objects = {

/* Begin PBXBuildFile section */
		3F2294031BFCDFFE0010054C /* AppDelegate.swift in Sources */ = {isa = PBXBuildFile; fileRef = 3F2294021BFCDFFE0010054C /* AppDelegate.swift */; };
		3F2294051BFCDFFE0010054C /* ViewController.swift in Sources */ = {isa = PBXBuildFile; fileRef = 3F2294041BFCDFFE0010054C /* ViewController.swift */; };
		3F2294081BFCDFFE0010054C /* Main.storyboard in Resources */ = {isa = PBXBuildFile; fileRef = 3F2294061BFCDFFE0010054C /* Main.storyboard */; };
		3F22940A1BFCDFFE0010054C /* Assets.xcassets in Resources */ = {isa = PBXBuildFile; fileRef = 3F2294091BFCDFFE0010054C /* Assets.xcassets */; };
		3F22940D1BFCDFFE0010054C /* LaunchScreen.storyboard in Resources */ = {isa = PBXBuildFile; fileRef = 3F22940B1BFCDFFE0010054C /* LaunchScreen.storyboard */; };
		3F2294181BFCDFFE0010054C /* Tic_Tac_ToeTests.swift in Sources */ = {isa = PBXBuildFile; fileRef = 3F2294171BFCDFFE0010054C /* Tic_Tac_ToeTests.swift */; };
		3F2294231BFCDFFF0010054C /* Tic_Tac_ToeUITests.swift in Sources */ = {isa = PBXBuildFile; fileRef = 3F2294221BFCDFFF0010054C /* Tic_Tac_ToeUITests.swift */; };
/* End PBXBuildFile section */

/* Begin PBXContainerItemProxy section */
		3F2294141BFCDFFE0010054C /* PBXContainerItemProxy */ = {
			isa = PBXContainerItemProxy;
			containerPortal = 3F2293F71BFCDFFE0010054C /* Project object */;
			proxyType = 1;
			remoteGlobalIDString = 3F2293FE1BFCDFFE0010054C;
			remoteInfo = "Tic-Tac-Toe";
		};
		3F22941F1BFCDFFF0010054C /* PBXContainerItemProxy */ = {
			isa = PBXContainerItemProxy;
			containerPortal = 3F2293F71BFCDFFE0010054C /* Project object */;
			proxyType = 1;
			remoteGlobalIDString = 3F2293FE1BFCDFFE0010054C;
			remoteInfo = "Tic-Tac-Toe";
		};
/* End PBXContainerItemProxy section */

/* Begin PBXFileReference section */
		3F2293FF1BFCDFFE0010054C /* Tic-Tac-Toe.app */ = {isa = PBXFileReference; explicitFileType = wrapper.application; includeInIndex = 0; path = "Tic-Tac-Toe.app"; sourceTree = BUILT_PRODUCTS_DIR; };
		3F2294021BFCDFFE0010054C /* AppDelegate.swift */ = {isa = PBXFileReference; lastKnownFileType = sourcecode.swift; path = AppDelegate.swift; sourceTree = "<group>"; };
		3F2294041BFCDFFE0010054C /* ViewController.swift */ = {isa = PBXFileReference; lastKnownFileType = sourcecode.swift; path = ViewController.swift; sourceTree = "<group>"; };
		3F2294071BFCDFFE0010054C /* Base */ = {isa = PBXFileReference; lastKnownFileType = file.storyboard; name = Base; path = Base.lproj/Main.storyboard; sourceTree = "<group>"; };
		3F2294091BFCDFFE0010054C /* Assets.xcassets */ = {isa = PBXFileReference; lastKnownFileType = folder.assetcatalog; path = Assets.xcassets; sourceTree = "<group>"; };
		3F22940C1BFCDFFE0010054C /* Base */ = {isa = PBXFileReference; lastKnownFileType = file.storyboard; name = Base; path = Base.lproj/LaunchScreen.storyboard; sourceTree = "<group>"; };
		3F22940E1BFCDFFE0010054C /* Info.plist */ = {isa = PBXFileReference; lastKnownFileType = text.plist.xml; path = Info.plist; sourceTree = "<group>"; };
		3F2294131BFCDFFE0010054C /* Tic-Tac-ToeTests.xctest */ = {isa = PBXFileReference; explicitFileType = wrapper.cfbundle; includeInIndex = 0; path = "Tic-Tac-ToeTests.xctest"; sourceTree = BUILT_PRODUCTS_DIR; };
		3F2294171BFCDFFE0010054C /* Tic_Tac_ToeTests.swift */ = {isa = PBXFileReference; lastKnownFileType = sourcecode.swift; path = Tic_Tac_ToeTests.swift; sourceTree = "<group>"; };
		3F2294191BFCDFFF0010054C /* Info.plist */ = {isa = PBXFileReference; lastKnownFileType = text.plist.xml; path = Info.plist; sourceTree = "<group>"; };
		3F22941E1BFCDFFF0010054C /* Tic-Tac-ToeUITests.xctest */ = {isa = PBXFileReference; explicitFileType = wrapper.cfbundle; includeInIndex = 0; path = "Tic-Tac-ToeUITests.xctest"; sourceTree = BUILT_PRODUCTS_DIR; };
		3F2294221BFCDFFF0010054C /* Tic_Tac_ToeUITests.swift */ = {isa = PBXFileReference; lastKnownFileType = sourcecode.swift; path = Tic_Tac_ToeUITests.swift; sourceTree = "<group>"; };
		3F2294241BFCDFFF0010054C /* Info.plist */ = {isa = PBXFileReference; lastKnownFileType = text.plist.xml; path = Info.plist; sourceTree = "<group>"; };
/* End PBXFileReference section */

/* Begin PBXFrameworksBuildPhase section */
		3F2293FC1BFCDFFE0010054C /* Frameworks */ = {
			isa = PBXFrameworksBuildPhase;
			buildActionMask = 2147483647;
			files = (
			);
			runOnlyForDeploymentPostprocessing = 0;
		};
		3F2294101BFCDFFE0010054C /* Frameworks */ = {
			isa = PBXFrameworksBuildPhase;
			buildActionMask = 2147483647;
			files = (
			);
			runOnlyForDeploymentPostprocessing = 0;
		};
		3F22941B1BFCDFFF0010054C /* Frameworks */ = {
			isa = PBXFrameworksBuildPhase;
			buildActionMask = 2147483647;
			files = (
			);
			runOnlyForDeploymentPostprocessing = 0;
		};
/* End PBXFrameworksBuildPhase section */

/* Begin PBXGroup section */
		3F2293F61BFCDFFE0010054C = {
			isa = PBXGroup;
			children = (
				3F2294011BFCDFFE0010054C /* Tic-Tac-Toe */,
				3F2294161BFCDFFE0010054C /* Tic-Tac-ToeTests */,
				3F2294211BFCDFFF0010054C /* Tic-Tac-ToeUITests */,
				3F2294001BFCDFFE0010054C /* Products */,
			);
			sourceTree = "<group>";
		};
		3F2294001BFCDFFE0010054C /* Products */ = {
			isa = PBXGroup;
			children = (
				3F2293FF1BFCDFFE0010054C /* Tic-Tac-Toe.app */,
				3F2294131BFCDFFE0010054C /* Tic-Tac-ToeTests.xctest */,
				3F22941E1BFCDFFF0010054C /* Tic-Tac-ToeUITests.xctest */,
			);
			name = Products;
			sourceTree = "<group>";
		};
		3F2294011BFCDFFE0010054C /* Tic-Tac-Toe */ = {
			isa = PBXGroup;
			children = (
				3F2294021BFCDFFE0010054C /* AppDelegate.swift */,
				3F2294041BFCDFFE0010054C /* ViewController.swift */,
				3F2294061BFCDFFE0010054C /* Main.storyboard */,
				3F2294091BFCDFFE0010054C /* Assets.xcassets */,
				3F22940B1BFCDFFE0010054C /* LaunchScreen.storyboard */,
				3F22940E1BFCDFFE0010054C /* Info.plist */,
			);
			path = "Tic-Tac-Toe";
			sourceTree = "<group>";
		};
		3F2294161BFCDFFE0010054C /* Tic-Tac-ToeTests */ = {
			isa = PBXGroup;
			children = (
				3F2294171BFCDFFE0010054C /* Tic_Tac_ToeTests.swift */,
				3F2294191BFCDFFF0010054C /* Info.plist */,
			);
			path = "Tic-Tac-ToeTests";
			sourceTree = "<group>";
		};
		3F2294211BFCDFFF0010054C /* Tic-Tac-ToeUITests */ = {
			isa = PBXGroup;
			children = (
				3F2294221BFCDFFF0010054C /* Tic_Tac_ToeUITests.swift */,
				3F2294241BFCDFFF0010054C /* Info.plist */,
			);
			path = "Tic-Tac-ToeUITests";
			sourceTree = "<group>";
		};
/* End PBXGroup section */

/* Begin PBXNativeTarget section */
		3F2293FE1BFCDFFE0010054C /* Tic-Tac-Toe */ = {
			isa = PBXNativeTarget;
			buildConfigurationList = 3F2294271BFCDFFF0010054C /* Build configuration list for PBXNativeTarget "Tic-Tac-Toe" */;
			buildPhases = (
				3F2293FB1BFCDFFE0010054C /* Sources */,
				3F2293FC1BFCDFFE0010054C /* Frameworks */,
				3F2293FD1BFCDFFE0010054C /* Resources */,
			);
			buildRules = (
			);
			dependencies = (
			);
			name = "Tic-Tac-Toe";
			productName = "Tic-Tac-Toe";
			productReference = 3F2293FF1BFCDFFE0010054C /* Tic-Tac-Toe.app */;
			productType = "com.apple.product-type.application";
		};
		3F2294121BFCDFFE0010054C /* Tic-Tac-ToeTests */ = {
			isa = PBXNativeTarget;
			buildConfigurationList = 3F22942A1BFCDFFF0010054C /* Build configuration list for PBXNativeTarget "Tic-Tac-ToeTests" */;
			buildPhases = (
				3F22940F1BFCDFFE0010054C /* Sources */,
				3F2294101BFCDFFE0010054C /* Frameworks */,
				3F2294111BFCDFFE0010054C /* Resources */,
			);
			buildRules = (
			);
			dependencies = (
				3F2294151BFCDFFE0010054C /* PBXTargetDependency */,
			);
			name = "Tic-Tac-ToeTests";
			productName = "Tic-Tac-ToeTests";
			productReference = 3F2294131BFCDFFE0010054C /* Tic-Tac-ToeTests.xctest */;
			productType = "com.apple.product-type.bundle.unit-test";
		};
		3F22941D1BFCDFFF0010054C /* Tic-Tac-ToeUITests */ = {
			isa = PBXNativeTarget;
			buildConfigurationList = 3F22942D1BFCDFFF0010054C /* Build configuration list for PBXNativeTarget "Tic-Tac-ToeUITests" */;
			buildPhases = (
				3F22941A1BFCDFFF0010054C /* Sources */,
				3F22941B1BFCDFFF0010054C /* Frameworks */,
				3F22941C1BFCDFFF0010054C /* Resources */,
			);
			buildRules = (
			);
			dependencies = (
				3F2294201BFCDFFF0010054C /* PBXTargetDependency */,
			);
			name = "Tic-Tac-ToeUITests";
			productName = "Tic-Tac-ToeUITests";
			productReference = 3F22941E1BFCDFFF0010054C /* Tic-Tac-ToeUITests.xctest */;
			productType = "com.apple.product-type.bundle.ui-testing";
		};
/* End PBXNativeTarget section */

/* Begin PBXProject section */
		3F2293F71BFCDFFE0010054C /* Project object */ = {
			isa = PBXProject;
			attributes = {
				LastSwiftUpdateCheck = 0710;
				LastUpgradeCheck = 0710;
				ORGANIZATIONNAME = "John Gadbois";
				TargetAttributes = {
					3F2293FE1BFCDFFE0010054C = {
						CreatedOnToolsVersion = 7.1.1;
					};
					3F2294121BFCDFFE0010054C = {
						CreatedOnToolsVersion = 7.1.1;
						TestTargetID = 3F2293FE1BFCDFFE0010054C;
					};
					3F22941D1BFCDFFF0010054C = {
						CreatedOnToolsVersion = 7.1.1;
						TestTargetID = 3F2293FE1BFCDFFE0010054C;
					};
				};
			};
			buildConfigurationList = 3F2293FA1BFCDFFE0010054C /* Build configuration list for PBXProject "Tic-Tac-Toe" */;
			compatibilityVersion = "Xcode 3.2";
			developmentRegion = English;
			hasScannedForEncodings = 0;
			knownRegions = (
				en,
				Base,
			);
			mainGroup = 3F2293F61BFCDFFE0010054C;
			productRefGroup = 3F2294001BFCDFFE0010054C /* Products */;
			projectDirPath = "";
			projectRoot = "";
			targets = (
				3F2293FE1BFCDFFE0010054C /* Tic-Tac-Toe */,
				3F2294121BFCDFFE0010054C /* Tic-Tac-ToeTests */,
				3F22941D1BFCDFFF0010054C /* Tic-Tac-ToeUITests */,
			);
		};
/* End PBXProject section */

/* Begin PBXResourcesBuildPhase section */
		3F2293FD1BFCDFFE0010054C /* Resources */ = {
			isa = PBXResourcesBuildPhase;
			buildActionMask = 2147483647;
			files = (
				3F22940D1BFCDFFE0010054C /* LaunchScreen.storyboard in Resources */,
				3F22940A1BFCDFFE0010054C /* Assets.xcassets in Resources */,
				3F2294081BFCDFFE0010054C /* Main.storyboard in Resources */,
			);
			runOnlyForDeploymentPostprocessing = 0;
		};
		3F2294111BFCDFFE0010054C /* Resources */ = {
			isa = PBXResourcesBuildPhase;
			buildActionMask = 2147483647;
			files = (
			);
			runOnlyForDeploymentPostprocessing = 0;
		};
		3F22941C1BFCDFFF0010054C /* Resources */ = {
			isa = PBXResourcesBuildPhase;
			buildActionMask = 2147483647;
			files = (
			);
			runOnlyForDeploymentPostprocessing = 0;
		};
/* End PBXResourcesBuildPhase section */

/* Begin PBXSourcesBuildPhase section */
		3F2293FB1BFCDFFE0010054C /* Sources */ = {
			isa = PBXSourcesBuildPhase;
			buildActionMask = 2147483647;
			files = (
				3F2294051BFCDFFE0010054C /* ViewController.swift in Sources */,
				3F2294031BFCDFFE0010054C /* AppDelegate.swift in Sources */,
			);
			runOnlyForDeploymentPostprocessing = 0;
		};
		3F22940F1BFCDFFE0010054C /* Sources */ = {
			isa = PBXSourcesBuildPhase;
			buildActionMask = 2147483647;
			files = (
				3F2294181BFCDFFE0010054C /* Tic_Tac_ToeTests.swift in Sources */,
			);
			runOnlyForDeploymentPostprocessing = 0;
		};
		3F22941A1BFCDFFF0010054C /* Sources */ = {
			isa = PBXSourcesBuildPhase;
			buildActionMask = 2147483647;
			files = (
				3F2294231BFCDFFF0010054C /* Tic_Tac_ToeUITests.swift in Sources */,
			);
			runOnlyForDeploymentPostprocessing = 0;
		};
/* End PBXSourcesBuildPhase section */

/* Begin PBXTargetDependency section */
		3F2294151BFCDFFE0010054C /* PBXTargetDependency */ = {
			isa = PBXTargetDependency;
			target = 3F2293FE1BFCDFFE0010054C /* Tic-Tac-Toe */;
			targetProxy = 3F2294141BFCDFFE0010054C /* PBXContainerItemProxy */;
		};
		3F2294201BFCDFFF0010054C /* PBXTargetDependency */ = {
			isa = PBXTargetDependency;
			target = 3F2293FE1BFCDFFE0010054C /* Tic-Tac-Toe */;
			targetProxy = 3F22941F1BFCDFFF0010054C /* PBXContainerItemProxy */;
		};
/* End PBXTargetDependency section */

/* Begin PBXVariantGroup section */
		3F2294061BFCDFFE0010054C /* Main.storyboard */ = {
			isa = PBXVariantGroup;
			children = (
				3F2294071BFCDFFE0010054C /* Base */,
			);
			name = Main.storyboard;
			sourceTree = "<group>";
		};
		3F22940B1BFCDFFE0010054C /* LaunchScreen.storyboard */ = {
			isa = PBXVariantGroup;
			children = (
				3F22940C1BFCDFFE0010054C /* Base */,
			);
			name = LaunchScreen.storyboard;
			sourceTree = "<group>";
		};
/* End PBXVariantGroup section */

/* Begin XCBuildConfiguration section */
		3F2294251BFCDFFF0010054C /* Debug */ = {
			isa = XCBuildConfiguration;
			buildSettings = {
				ALWAYS_SEARCH_USER_PATHS = NO;
				CLANG_CXX_LANGUAGE_STANDARD = "gnu++0x";
				CLANG_CXX_LIBRARY = "libc++";
				CLANG_ENABLE_MODULES = YES;
				CLANG_ENABLE_OBJC_ARC = YES;
				CLANG_WARN_BOOL_CONVERSION = YES;
				CLANG_WARN_CONSTANT_CONVERSION = YES;
				CLANG_WARN_DIRECT_OBJC_ISA_USAGE = YES_ERROR;
				CLANG_WARN_EMPTY_BODY = YES;
				CLANG_WARN_ENUM_CONVERSION = YES;
				CLANG_WARN_INT_CONVERSION = YES;
				CLANG_WARN_OBJC_ROOT_CLASS = YES_ERROR;
				CLANG_WARN_UNREACHABLE_CODE = YES;
				CLANG_WARN__DUPLICATE_METHOD_MATCH = YES;
				"CODE_SIGN_IDENTITY[sdk=iphoneos*]" = "iPhone Developer";
				COPY_PHASE_STRIP = NO;
				DEBUG_INFORMATION_FORMAT = dwarf;
				ENABLE_STRICT_OBJC_MSGSEND = YES;
				ENABLE_TESTABILITY = YES;
				GCC_C_LANGUAGE_STANDARD = gnu99;
				GCC_DYNAMIC_NO_PIC = NO;
				GCC_NO_COMMON_BLOCKS = YES;
				GCC_OPTIMIZATION_LEVEL = 0;
				GCC_PREPROCESSOR_DEFINITIONS = (
					"DEBUG=1",
					"$(inherited)",
				);
				GCC_WARN_64_TO_32_BIT_CONVERSION = YES;
				GCC_WARN_ABOUT_RETURN_TYPE = YES_ERROR;
				GCC_WARN_UNDECLARED_SELECTOR = YES;
				GCC_WARN_UNINITIALIZED_AUTOS = YES_AGGRESSIVE;
				GCC_WARN_UNUSED_FUNCTION = YES;
				GCC_WARN_UNUSED_VARIABLE = YES;
				IPHONEOS_DEPLOYMENT_TARGET = 9.1;
				MTL_ENABLE_DEBUG_INFO = YES;
				ONLY_ACTIVE_ARCH = YES;
				SDKROOT = iphoneos;
				SWIFT_OPTIMIZATION_LEVEL = "-Onone";
				TARGETED_DEVICE_FAMILY = "1,2";
			};
			name = Debug;
		};
		3F2294261BFCDFFF0010054C /* Release */ = {
			isa = XCBuildConfiguration;
			buildSettings = {
				ALWAYS_SEARCH_USER_PATHS = NO;
				CLANG_CXX_LANGUAGE_STANDARD = "gnu++0x";
				CLANG_CXX_LIBRARY = "libc++";
				CLANG_ENABLE_MODULES = YES;
				CLANG_ENABLE_OBJC_ARC = YES;
				CLANG_WARN_BOOL_CONVERSION = YES;
				CLANG_WARN_CONSTANT_CONVERSION = YES;
				CLANG_WARN_DIRECT_OBJC_ISA_USAGE = YES_ERROR;
				CLANG_WARN_EMPTY_BODY = YES;
				CLANG_WARN_ENUM_CONVERSION = YES;
				CLANG_WARN_INT_CONVERSION = YES;
				CLANG_WARN_OBJC_ROOT_CLASS = YES_ERROR;
				CLANG_WARN_UNREACHABLE_CODE = YES;
				CLANG_WARN__DUPLICATE_METHOD_MATCH = YES;
				"CODE_SIGN_IDENTITY[sdk=iphoneos*]" = "iPhone Developer";
				COPY_PHASE_STRIP = NO;
				DEBUG_INFORMATION_FORMAT = "dwarf-with-dsym";
				ENABLE_NS_ASSERTIONS = NO;
				ENABLE_STRICT_OBJC_MSGSEND = YES;
				GCC_C_LANGUAGE_STANDARD = gnu99;
				GCC_NO_COMMON_BLOCKS = YES;
				GCC_WARN_64_TO_32_BIT_CONVERSION = YES;
				GCC_WARN_ABOUT_RETURN_TYPE = YES_ERROR;
				GCC_WARN_UNDECLARED_SELECTOR = YES;
				GCC_WARN_UNINITIALIZED_AUTOS = YES_AGGRESSIVE;
				GCC_WARN_UNUSED_FUNCTION = YES;
				GCC_WARN_UNUSED_VARIABLE = YES;
				IPHONEOS_DEPLOYMENT_TARGET = 9.1;
				MTL_ENABLE_DEBUG_INFO = NO;
				SDKROOT = iphoneos;
				TARGETED_DEVICE_FAMILY = "1,2";
				VALIDATE_PRODUCT = YES;
			};
			name = Release;
		};
		3F2294281BFCDFFF0010054C /* Debug */ = {
			isa = XCBuildConfiguration;
			buildSettings = {
				ASSETCATALOG_COMPILER_APPICON_NAME = AppIcon;
				INFOPLIST_FILE = "Tic-Tac-Toe/Info.plist";
				LD_RUNPATH_SEARCH_PATHS = "$(inherited) @executable_path/Frameworks";
				PRODUCT_BUNDLE_IDENTIFIER = "jgadbois.Tic-Tac-Toe";
				PRODUCT_NAME = "$(TARGET_NAME)";
			};
			name = Debug;
		};
		3F2294291BFCDFFF0010054C /* Release */ = {
			isa = XCBuildConfiguration;
			buildSettings = {
				ASSETCATALOG_COMPILER_APPICON_NAME = AppIcon;
				INFOPLIST_FILE = "Tic-Tac-Toe/Info.plist";
				LD_RUNPATH_SEARCH_PATHS = "$(inherited) @executable_path/Frameworks";
				PRODUCT_BUNDLE_IDENTIFIER = "jgadbois.Tic-Tac-Toe";
				PRODUCT_NAME = "$(TARGET_NAME)";
			};
			name = Release;
		};
		3F22942B1BFCDFFF0010054C /* Debug */ = {
			isa = XCBuildConfiguration;
			buildSettings = {
				BUNDLE_LOADER = "$(TEST_HOST)";
				INFOPLIST_FILE = "Tic-Tac-ToeTests/Info.plist";
				LD_RUNPATH_SEARCH_PATHS = "$(inherited) @executable_path/Frameworks @loader_path/Frameworks";
				PRODUCT_BUNDLE_IDENTIFIER = "jgadbois.Tic-Tac-ToeTests";
				PRODUCT_NAME = "$(TARGET_NAME)";
				TEST_HOST = "$(BUILT_PRODUCTS_DIR)/Tic-Tac-Toe.app/Tic-Tac-Toe";
			};
			name = Debug;
		};
		3F22942C1BFCDFFF0010054C /* Release */ = {
			isa = XCBuildConfiguration;
			buildSettings = {
				BUNDLE_LOADER = "$(TEST_HOST)";
				INFOPLIST_FILE = "Tic-Tac-ToeTests/Info.plist";
				LD_RUNPATH_SEARCH_PATHS = "$(inherited) @executable_path/Frameworks @loader_path/Frameworks";
				PRODUCT_BUNDLE_IDENTIFIER = "jgadbois.Tic-Tac-ToeTests";
				PRODUCT_NAME = "$(TARGET_NAME)";
				TEST_HOST = "$(BUILT_PRODUCTS_DIR)/Tic-Tac-Toe.app/Tic-Tac-Toe";
			};
			name = Release;
		};
		3F22942E1BFCDFFF0010054C /* Debug */ = {
			isa = XCBuildConfiguration;
			buildSettings = {
				INFOPLIST_FILE = "Tic-Tac-ToeUITests/Info.plist";
				LD_RUNPATH_SEARCH_PATHS = "$(inherited) @executable_path/Frameworks @loader_path/Frameworks";
				PRODUCT_BUNDLE_IDENTIFIER = "jgadbois.Tic-Tac-ToeUITests";
				PRODUCT_NAME = "$(TARGET_NAME)";
				TEST_TARGET_NAME = "Tic-Tac-Toe";
				USES_XCTRUNNER = YES;
			};
			name = Debug;
		};
		3F22942F1BFCDFFF0010054C /* Release */ = {
			isa = XCBuildConfiguration;
			buildSettings = {
				INFOPLIST_FILE = "Tic-Tac-ToeUITests/Info.plist";
				LD_RUNPATH_SEARCH_PATHS = "$(inherited) @executable_path/Frameworks @loader_path/Frameworks";
				PRODUCT_BUNDLE_IDENTIFIER = "jgadbois.Tic-Tac-ToeUITests";
				PRODUCT_NAME = "$(TARGET_NAME)";
				TEST_TARGET_NAME = "Tic-Tac-Toe";
				USES_XCTRUNNER = YES;
			};
			name = Release;
		};
/* End XCBuildConfiguration section */

/* Begin XCConfigurationList section */
		3F2293FA1BFCDFFE0010054C /* Build configuration list for PBXProject "Tic-Tac-Toe" */ = {
			isa = XCConfigurationList;
			buildConfigurations = (
				3F2294251BFCDFFF0010054C /* Debug */,
				3F2294261BFCDFFF0010054C /* Release */,
			);
			defaultConfigurationIsVisible = 0;
			defaultConfigurationName = Release;
		};
		3F2294271BFCDFFF0010054C /* Build configuration list for PBXNativeTarget "Tic-Tac-Toe" */ = {
			isa = XCConfigurationList;
			buildConfigurations = (
				3F2294281BFCDFFF0010054C /* Debug */,
				3F2294291BFCDFFF0010054C /* Release */,
			);
			defaultConfigurationIsVisible = 0;
		};
		3F22942A1BFCDFFF0010054C /* Build configuration list for PBXNativeTarget "Tic-Tac-ToeTests" */ = {
			isa = XCConfigurationList;
			buildConfigurations = (
				3F22942B1BFCDFFF0010054C /* Debug */,
				3F22942C1BFCDFFF0010054C /* Release */,
			);
			defaultConfigurationIsVisible = 0;
		};
		3F22942D1BFCDFFF0010054C /* Build configuration list for PBXNativeTarget "Tic-Tac-ToeUITests" */ = {
			isa = XCConfigurationList;
			buildConfigurations = (
				3F22942E1BFCDFFF0010054C /* Debug */,
				3F22942F1BFCDFFF0010054C /* Release */,
			);
			defaultConfigurationIsVisible = 0;
		};
/* End XCConfigurationList section */
	};
	rootObject = 3F2293F71BFCDFFE0010054C /* Project object */;
}
